
Microsoft Visual Studio Solution File, Format Version 12.00
# Visual Studio Version 17
VisualStudioVersion = 17.2.32616.157
MinimumVisualStudioVersion = 10.0.40219.1
Project("{FAE04EC0-301F-11D3-BF4B-00C04F79EFBC}") = "Text Editor", "Text Editor\Text Editor.csproj", "{25EE9AA2-C4EF-4414-91AC-1B7214534727}"
EndProject
Global
	GlobalSection(SolutionConfigurationPlatforms) = preSolution
		Debug|Any CPU = Debug|Any CPU
		Release|Any CPU = Release|Any CPU
	EndGlobalSection
	GlobalSection(ProjectConfigurationPlatforms) = postSolution
		{25EE9AA2-C4EF-4414-91AC-1B7214534727}.Debug|Any CPU.ActiveCfg = Debug|Any CPU
		{25EE9AA2-C4EF-4414-91AC-1B7214534727}.Debug|Any CPU.Build.0 = Debug|Any CPU
		{25EE9AA2-C4EF-4414-91AC-1B7214534727}.Release|Any CPU.ActiveCfg = Release|Any CPU
		{25EE9AA2-C4EF-4414-91AC-1B7214534727}.Release|Any CPU.Build.0 = Release|Any CPU
	EndGlobalSection
	GlobalSection(SolutionProperties) = preSolution
		HideSolutionNode = FALSE
	EndGlobalSection
	GlobalSection(ExtensibilityGlobals) = postSolution
		SolutionGuid = {65762B10-5D86-463B-9CEF-E354ED4F61F4}
	EndGlobalSection
EndGlobal
